
Microsoft Visual Studio Solution File, Format Version 12.00
# Visual Studio Version 17
VisualStudioVersion = 17.14.36408.4 d17.14
MinimumVisualStudioVersion = 10.0.40219.1
Project("{FAE04EC0-301F-11D3-BF4B-00C04F79EFBC}") = "TrabalhoTTC", "TrabalhoTTC\TrabalhoTTC.csproj", "{36BCA8AC-3751-49C2-A841-4C1A127BD429}"
EndProject
Global
	GlobalSection(SolutionConfigurationPlatforms) = preSolution
		Debug|Any CPU = Debug|Any CPU
		Release|Any CPU = Release|Any CPU
	EndGlobalSection
	GlobalSection(ProjectConfigurationPlatforms) = postSolution
		{36BCA8AC-3751-49C2-A841-4C1A127BD429}.Debug|Any CPU.ActiveCfg = Debug|Any CPU
		{36BCA8AC-3751-49C2-A841-4C1A127BD429}.Debug|Any CPU.Build.0 = Debug|Any CPU
		{36BCA8AC-3751-49C2-A841-4C1A127BD429}.Release|Any CPU.ActiveCfg = Release|Any CPU
		{36BCA8AC-3751-49C2-A841-4C1A127BD429}.Release|Any CPU.Build.0 = Release|Any CPU
	EndGlobalSection
	GlobalSection(SolutionProperties) = preSolution
		HideSolutionNode = FALSE
	EndGlobalSection
	GlobalSection(ExtensibilityGlobals) = postSolution
		SolutionGuid = {CBC250C6-F089-45C1-A918-1925262CEA74}
	EndGlobalSection
EndGlobal
